
Microsoft Visual Studio Solution File, Format Version 12.00
# Visual Studio Version 17
VisualStudioVersion = 17.3.32929.385
MinimumVisualStudioVersion = 10.0.40219.1
Project("{FAE04EC0-301F-11D3-BF4B-00C04F79EFBC}") = "DecisionMaking.Net5", "DecisionMaking.Net5\DecisionMaking.Net5.csproj", "{0E975DAA-93D5-4E5A-BD0E-50E8A2D79953}"
EndProject
Global
	GlobalSection(SolutionConfigurationPlatforms) = preSolution
		Debug|Any CPU = Debug|Any CPU
		Release|Any CPU = Release|Any CPU
	EndGlobalSection
	GlobalSection(ProjectConfigurationPlatforms) = postSolution
		{0E975DAA-93D5-4E5A-BD0E-50E8A2D79953}.Debug|Any CPU.ActiveCfg = Debug|Any CPU
		{0E975DAA-93D5-4E5A-BD0E-50E8A2D79953}.Debug|Any CPU.Build.0 = Debug|Any CPU
		{0E975DAA-93D5-4E5A-BD0E-50E8A2D79953}.Release|Any CPU.ActiveCfg = Release|Any CPU
		{0E975DAA-93D5-4E5A-BD0E-50E8A2D79953}.Release|Any CPU.Build.0 = Release|Any CPU
	EndGlobalSection
	GlobalSection(SolutionProperties) = preSolution
		HideSolutionNode = FALSE
	EndGlobalSection
	GlobalSection(ExtensibilityGlobals) = postSolution
		SolutionGuid = {03BAE6EE-D6A2-4A1B-9000-394425443639}
	EndGlobalSection
EndGlobal
